github.com/hollis-labs/libs/plugin-mcp v0.1.1 h1:213HZTZaWL6KFkQeU3d2HZU9UMI+C0jxixHUtD4JFR0=
github.com/hollis-labs/libs/plugin-mcp v0.1.1/go.mod h1:3x5ZVgHJewzwEpdl1RNFfxXXkq9SKVNL6LJVcpLCGnQ=
github.com/hollis-labs/tangent v0.19.0 h1:nMSQtGibstihAzQDXlkJfTwfcZh+5x8M6iRf22yqiH8=
github.com/hollis-labs/tangent v0.19.0/go.mod h1:PND1xlmOWtNziBzGH+OFmSdIPH7ytEFWfJQDYoPXIHo=
github.com/hollis-labs/tangent v0.19.1-0.20261010060936-72a5ea7176ca h1:9qhrW5H0K7u8qJOxJK9+0Q7ydTaQEl+R3iFVDqXnHxM=
github.com/hollis-labs/tangent v0.19.1-0.20261010060936-72a5ea7176ca/go.mod h1:TbV7ycI73VVG+6OLY/RsfTjmF++cWYUJKuvAULQVSnY=
